// !$*UTF8*$!
{
	archiveVersion = 1;
	classes = {
	};
	objectVersion = 46;
	objects = {

/* Begin PBXBuildFile section */
		4D249FFC1E8CE30A00EC89B3 /* AppDelegate.swift in Sources */ = {isa = PBXBuildFile; fileRef = 4D249FFB1E8CE30A00EC89B3 /* AppDelegate.swift */; };
		4D249FFE1E8CE30A00EC89B3 /* ViewController.swift in Sources */ = {isa = PBXBuildFile; fileRef = 4D249FFD1E8CE30A00EC89B3 /* ViewController.swift */; };
		4D24A0011E8CE30A00EC89B3 /* Main.storyboard in Resources */ = {isa = PBXBuildFile; fileRef = 4D249FFF1E8CE30A00EC89B3 /* Main.storyboard */; };
		4D24A0031E8CE30A00EC89B3 /* Assets.xcassets in Resources */ = {isa = PBXBuildFile; fileRef = 4D24A0021E8CE30A00EC89B3 /* Assets.xcassets */; };
		4D24A0061E8CE30A00EC89B3 /* LaunchScreen.storyboard in Resources */ = {isa = PBXBuildFile; fileRef = 4D24A0041E8CE30A00EC89B3 /* LaunchScreen.storyboard */; };
		4D24A0111E8CE30A00EC89B3 /* _stUITests.swift in Sources */ = {isa = PBXBuildFile; fileRef = 4D24A0101E8CE30A00EC89B3 /* _stUITests.swift */; };
/* End PBXBuildFile section */

/* Begin PBXContainerItemProxy section */
		4D24A00D1E8CE30A00EC89B3 /* PBXContainerItemProxy */ = {
			isa = PBXContainerItemProxy;
			containerPortal = 4D249FF01E8CE30A00EC89B3 /* Project object */;
			proxyType = 1;
			remoteGlobalIDString = 4D249FF71E8CE30A00EC89B3;
			remoteInfo = 1st;
		};
/* End PBXContainerItemProxy section */

/* Begin PBXFileReference section */
		4D249FF81E8CE30A00EC89B3 /* 1st.app */ = {isa = PBXFileReference; explicitFileType = wrapper.application; includeInIndex = 0; path = 1st.app; sourceTree = BUILT_PRODUCTS_DIR; };
		4D249FFB1E8CE30A00EC89B3 /* AppDelegate.swift */ = {isa = PBXFileReference; lastKnownFileType = sourcecode.swift; path = AppDelegate.swift; sourceTree = "<group>"; };
		4D249FFD1E8CE30A00EC89B3 /* ViewController.swift */ = {isa = PBXFileReference; lastKnownFileType = sourcecode.swift; path = ViewController.swift; sourceTree = "<group>"; };
		4D24A0001E8CE30A00EC89B3 /* Base */ = {isa = PBXFileReference; lastKnownFileType = file.storyboard; name = Base; path = Base.lproj/Main.storyboard; sourceTree = "<group>"; };
		4D24A0021E8CE30A00EC89B3 /* Assets.xcassets */ = {isa = PBXFileReference; lastKnownFileType = folder.assetcatalog; path = Assets.xcassets; sourceTree = "<group>"; };
		4D24A0051E8CE30A00EC89B3 /* Base */ = {isa = PBXFileReference; lastKnownFileType = file.storyboard; name = Base; path = Base.lproj/LaunchScreen.storyboard; sourceTree = "<group>"; };
		4D24A0071E8CE30A00EC89B3 /* Info.plist */ = {isa = PBXFileReference; lastKnownFileType = text.plist.xml; path = Info.plist; sourceTree = "<group>"; };
		4D24A00C1E8CE30A00EC89B3 /* 1stUITests.xctest */ = {isa = PBXFileReference; explicitFileType = wrapper.cfbundle; includeInIndex = 0; path = 1stUITests.xctest; sourceTree = BUILT_PRODUCTS_DIR; };
		4D24A0101E8CE30A00EC89B3 /* _stUITests.swift */ = {isa = PBXFileReference; lastKnownFileType = sourcecode.swift; path = _stUITests.swift; sourceTree = "<group>"; };
		4D24A0121E8CE30A00EC89B3 /* Info.plist */ = {isa = PBXFileReference; lastKnownFileType = text.plist.xml; path = Info.plist; sourceTree = "<group>"; };
/* End PBXFileReference section */

/* Begin PBXFrameworksBuildPhase section */
		4D249FF51E8CE30A00EC89B3 /* Frameworks */ = {
			isa = PBXFrameworksBuildPhase;
			buildActionMask = 2147483647;
			files = (
			);
			runOnlyForDeploymentPostprocessing = 0;
		};
		4D24A0091E8CE30A00EC89B3 /* Frameworks */ = {
			isa = PBXFrameworksBuildPhase;
			buildActionMask = 2147483647;
			files = (
			);
			runOnlyForDeploymentPostprocessing = 0;
		};
/* End PBXFrameworksBuildPhase section */

/* Begin PBXGroup section */
		4D249FEF1E8CE30A00EC89B3 = {
			isa = PBXGroup;
			children = (
				4D249FFA1E8CE30A00EC89B3 /* 1st */,
				4D24A00F1E8CE30A00EC89B3 /* 1stUITests */,
				4D249FF91E8CE30A00EC89B3 /* Products */,
			);
			sourceTree = "<group>";
		};
		4D249FF91E8CE30A00EC89B3 /* Products */ = {
			isa = PBXGroup;
			children = (
				4D249FF81E8CE30A00EC89B3 /* 1st.app */,
				4D24A00C1E8CE30A00EC89B3 /* 1stUITests.xctest */,
			);
			name = Products;
			sourceTree = "<group>";
		};
		4D249FFA1E8CE30A00EC89B3 /* 1st */ = {
			isa = PBXGroup;
			children = (
				4D249FFB1E8CE30A00EC89B3 /* AppDelegate.swift */,
				4D249FFD1E8CE30A00EC89B3 /* ViewController.swift */,
				4D249FFF1E8CE30A00EC89B3 /* Main.storyboard */,
				4D24A0021E8CE30A00EC89B3 /* Assets.xcassets */,
				4D24A0041E8CE30A00EC89B3 /* LaunchScreen.storyboard */,
				4D24A0071E8CE30A00EC89B3 /* Info.plist */,
			);
			path = 1st;
			sourceTree = "<group>";
		};
		4D24A00F1E8CE30A00EC89B3 /* 1stUITests */ = {
			isa = PBXGroup;
			children = (
				4D24A0101E8CE30A00EC89B3 /* _stUITests.swift */,
				4D24A0121E8CE30A00EC89B3 /* Info.plist */,
			);
			path = 1stUITests;
			sourceTree = "<group>";
		};
/* End PBXGroup section */

/* Begin PBXNativeTarget section */
		4D249FF71E8CE30A00EC89B3 /* 1st */ = {
			isa = PBXNativeTarget;
			buildConfigurationList = 4D24A0151E8CE30A00EC89B3 /* Build configuration list for PBXNativeTarget "1st" */;
			buildPhases = (
				4D249FF41E8CE30A00EC89B3 /* Sources */,
				4D249FF51E8CE30A00EC89B3 /* Frameworks */,
				4D249FF61E8CE30A00EC89B3 /* Resources */,
			);
			buildRules = (
			);
			dependencies = (
			);
			name = 1st;
			productName = 1st;
			productReference = 4D249FF81E8CE30A00EC89B3 /* 1st.app */;
			productType = "com.apple.product-type.application";
		};
		4D24A00B1E8CE30A00EC89B3 /* 1stUITests */ = {
			isa = PBXNativeTarget;
			buildConfigurationList = 4D24A0181E8CE30A00EC89B3 /* Build configuration list for PBXNativeTarget "1stUITests" */;
			buildPhases = (
				4D24A0081E8CE30A00EC89B3 /* Sources */,
				4D24A0091E8CE30A00EC89B3 /* Frameworks */,
				4D24A00A1E8CE30A00EC89B3 /* Resources */,
			);
			buildRules = (
			);
			dependencies = (
				4D24A00E1E8CE30A00EC89B3 /* PBXTargetDependency */,
			);
			name = 1stUITests;
			productName = 1stUITests;
			productReference = 4D24A00C1E8CE30A00EC89B3 /* 1stUITests.xctest */;
			productType = "com.apple.product-type.bundle.ui-testing";
		};
/* End PBXNativeTarget section */

/* Begin PBXProject section */
		4D249FF01E8CE30A00EC89B3 /* Project object */ = {
			isa = PBXProject;
			attributes = {
				LastSwiftUpdateCheck = 0820;
				LastUpgradeCheck = 0820;
				ORGANIZATIONNAME = maRk;
				TargetAttributes = {
					4D249FF71E8CE30A00EC89B3 = {
						CreatedOnToolsVersion = 8.2;
						ProvisioningStyle = Automatic;
					};
					4D24A00B1E8CE30A00EC89B3 = {
						CreatedOnToolsVersion = 8.2;
						ProvisioningStyle = Automatic;
						TestTargetID = 4D249FF71E8CE30A00EC89B3;
					};
				};
			};
			buildConfigurationList = 4D249FF31E8CE30A00EC89B3 /* Build configuration list for PBXProject "1st" */;
			compatibilityVersion = "Xcode 3.2";
			developmentRegion = English;
			hasScannedForEncodings = 0;
			knownRegions = (
				en,
				Base,
			);
			mainGroup = 4D249FEF1E8CE30A00EC89B3;
			productRefGroup = 4D249FF91E8CE30A00EC89B3 /* Products */;
			projectDirPath = "";
			projectRoot = "";
			targets = (
				4D249FF71E8CE30A00EC89B3 /* 1st */,
				4D24A00B1E8CE30A00EC89B3 /* 1stUITests */,
			);
		};
/* End PBXProject section */

/* Begin PBXResourcesBuildPhase section */
		4D249FF61E8CE30A00EC89B3 /* Resources */ = {
			isa = PBXResourcesBuildPhase;
			buildActionMask = 2147483647;
			files = (
				4D24A0061E8CE30A00EC89B3 /* LaunchScreen.storyboard in Resources */,
				4D24A0031E8CE30A00EC89B3 /* Assets.xcassets in Resources */,
				4D24A0011E8CE30A00EC89B3 /* Main.storyboard in Resources */,
			);
			runOnlyForDeploymentPostprocessing = 0;
		};
		4D24A00A1E8CE30A00EC89B3 /* Resources */ = {
			isa = PBXResourcesBuildPhase;
			buildActionMask = 2147483647;
			files = (
			);
			runOnlyForDeploymentPostprocessing = 0;
		};
/* End PBXResourcesBuildPhase section */

/* Begin PBXSourcesBuildPhase section */
		4D249FF41E8CE30A00EC89B3 /* Sources */ = {
			isa = PBXSourcesBuildPhase;
			buildActionMask = 2147483647;
			files = (
				4D249FFE1E8CE30A00EC89B3 /* ViewController.swift in Sources */,
				4D249FFC1E8CE30A00EC89B3 /* AppDelegate.swift in Sources */,
			);
			runOnlyForDeploymentPostprocessing = 0;
		};
		4D24A0081E8CE30A00EC89B3 /* Sources */ = {
			isa = PBXSourcesBuildPhase;
			buildActionMask = 2147483647;
			files = (
				4D24A0111E8CE30A00EC89B3 /* _stUITests.swift in Sources */,
			);
			runOnlyForDeploymentPostprocessing = 0;
		};
/* End PBXSourcesBuildPhase section */

/* Begin PBXTargetDependency section */
		4D24A00E1E8CE30A00EC89B3 /* PBXTargetDependency */ = {
			isa = PBXTargetDependency;
			target = 4D249FF71E8CE30A00EC89B3 /* 1st */;
			targetProxy = 4D24A00D1E8CE30A00EC89B3 /* PBXContainerItemProxy */;
		};
/* End PBXTargetDependency section */

/* Begin PBXVariantGroup section */
		4D249FFF1E8CE30A00EC89B3 /* Main.storyboard */ = {
			isa = PBXVariantGroup;
			children = (
				4D24A0001E8CE30A00EC89B3 /* Base */,
			);
			name = Main.storyboard;
			sourceTree = "<group>";
		};
		4D24A0041E8CE30A00EC89B3 /* LaunchScreen.storyboard */ = {
			isa = PBXVariantGroup;
			children = (
				4D24A0051E8CE30A00EC89B3 /* Base */,
			);
			name = LaunchScreen.storyboard;
			sourceTree = "<group>";
		};
/* End PBXVariantGroup section */

/* Begin XCBuildConfiguration section */
		4D24A0131E8CE30A00EC89B3 /* Debug */ = {
			isa = XCBuildConfiguration;
			buildSettings = {
				ALWAYS_SEARCH_USER_PATHS = NO;
				CLANG_ANALYZER_NONNULL = YES;
				CLANG_CXX_LANGUAGE_STANDARD = "gnu++0x";
				CLANG_CXX_LIBRARY = "libc++";
				CLANG_ENABLE_MODULES = YES;
				CLANG_ENABLE_OBJC_ARC = YES;
				CLANG_WARN_BOOL_CONVERSION = YES;
				CLANG_WARN_CONSTANT_CONVERSION = YES;
				CLANG_WARN_DIRECT_OBJC_ISA_USAGE = YES_ERROR;
				CLANG_WARN_DOCUMENTATION_COMMENTS = YES;
				CLANG_WARN_EMPTY_BODY = YES;
				CLANG_WARN_ENUM_CONVERSION = YES;
				CLANG_WARN_INFINITE_RECURSION = YES;
				CLANG_WARN_INT_CONVERSION = YES;
				CLANG_WARN_OBJC_ROOT_CLASS = YES_ERROR;
				CLANG_WARN_SUSPICIOUS_MOVE = YES;
				CLANG_WARN_UNREACHABLE_CODE = YES;
				CLANG_WARN__DUPLICATE_METHOD_MATCH = YES;
				"CODE_SIGN_IDENTITY[sdk=iphoneos*]" = "iPhone Developer";
				COPY_PHASE_STRIP = NO;
				DEBUG_INFORMATION_FORMAT = dwarf;
				ENABLE_STRICT_OBJC_MSGSEND = YES;
				ENABLE_TESTABILITY = YES;
				GCC_C_LANGUAGE_STANDARD = gnu99;
				GCC_DYNAMIC_NO_PIC = NO;
				GCC_NO_COMMON_BLOCKS = YES;
				GCC_OPTIMIZATION_LEVEL = 0;
				GCC_PREPROCESSOR_DEFINITIONS = (
					"DEBUG=1",
					"$(inherited)",
				);
				GCC_WARN_64_TO_32_BIT_CONVERSION = YES;
				GCC_WARN_ABOUT_RETURN_TYPE = YES_ERROR;
				GCC_WARN_UNDECLARED_SELECTOR = YES;
				GCC_WARN_UNINITIALIZED_AUTOS = YES_AGGRESSIVE;
				GCC_WARN_UNUSED_FUNCTION = YES;
				GCC_WARN_UNUSED_VARIABLE = YES;
				IPHONEOS_DEPLOYMENT_TARGET = 10.2;
				MTL_ENABLE_DEBUG_INFO = YES;
				ONLY_ACTIVE_ARCH = YES;
				SDKROOT = iphoneos;
				SWIFT_ACTIVE_COMPILATION_CONDITIONS = DEBUG;
				SWIFT_OPTIMIZATION_LEVEL = "-Onone";
			};
			name = Debug;
		};
		4D24A0141E8CE30A00EC89B3 /* Release */ = {
			isa = XCBuildConfiguration;
			buildSettings = {
				ALWAYS_SEARCH_USER_PATHS = NO;
				CLANG_ANALYZER_NONNULL = YES;
				CLANG_CXX_LANGUAGE_STANDARD = "gnu++0x";
				CLANG_CXX_LIBRARY = "libc++";
				CLANG_ENABLE_MODULES = YES;
				CLANG_ENABLE_OBJC_ARC = YES;
				CLANG_WARN_BOOL_CONVERSION = YES;
				CLANG_WARN_CONSTANT_CONVERSION = YES;
				CLANG_WARN_DIRECT_OBJC_ISA_USAGE = YES_ERROR;
				CLANG_WARN_DOCUMENTATION_COMMENTS = YES;
				CLANG_WARN_EMPTY_BODY = YES;
				CLANG_WARN_ENUM_CONVERSION = YES;
				CLANG_WARN_INFINITE_RECURSION = YES;
				CLANG_WARN_INT_CONVERSION = YES;
				CLANG_WARN_OBJC_ROOT_CLASS = YES_ERROR;
				CLANG_WARN_SUSPICIOUS_MOVE = YES;
				CLANG_WARN_UNREACHABLE_CODE = YES;
				CLANG_WARN__DUPLICATE_METHOD_MATCH = YES;
				"CODE_SIGN_IDENTITY[sdk=iphoneos*]" = "iPhone Developer";
				COPY_PHASE_STRIP = NO;
				DEBUG_INFORMATION_FORMAT = "dwarf-with-dsym";
				ENABLE_NS_ASSERTIONS = NO;
				ENABLE_STRICT_OBJC_MSGSEND = YES;
				GCC_C_LANGUAGE_STANDARD = gnu99;
				GCC_NO_COMMON_BLOCKS = YES;
				GCC_WARN_64_TO_32_BIT_CONVERSION = YES;
				GCC_WARN_ABOUT_RETURN_TYPE = YES_ERROR;
				GCC_WARN_UNDECLARED_SELECTOR = YES;
				GCC_WARN_UNINITIALIZED_AUTOS = YES_AGGRESSIVE;
				GCC_WARN_UNUSED_FUNCTION = YES;
				GCC_WARN_UNUSED_VARIABLE = YES;
				IPHONEOS_DEPLOYMENT_TARGET = 10.2;
				MTL_ENABLE_DEBUG_INFO = NO;
				SDKROOT = iphoneos;
				SWIFT_OPTIMIZATION_LEVEL = "-Owholemodule";
				VALIDATE_PRODUCT = YES;
			};
			name = Release;
		};
		4D24A0161E8CE30A00EC89B3 /* Debug */ = {
			isa = XCBuildConfiguration;
			buildSettings = {
				ASSETCATALOG_COMPILER_APPICON_NAME = AppIcon;
				INFOPLIST_FILE = 1st/Info.plist;
				LD_RUNPATH_SEARCH_PATHS = "$(inherited) @executable_path/Frameworks";
				PRODUCT_BUNDLE_IDENTIFIER = "com.max1ao.11111.-st";
				PRODUCT_NAME = "$(TARGET_NAME)";
				SWIFT_VERSION = 3.0;
			};
			name = Debug;
		};
		4D24A0171E8CE30A00EC89B3 /* Release */ = {
			isa = XCBuildConfiguration;
			buildSettings = {
				ASSETCATALOG_COMPILER_APPICON_NAME = AppIcon;
				INFOPLIST_FILE = 1st/Info.plist;
				LD_RUNPATH_SEARCH_PATHS = "$(inherited) @executable_path/Frameworks";
				PRODUCT_BUNDLE_IDENTIFIER = "com.max1ao.11111.-st";
				PRODUCT_NAME = "$(TARGET_NAME)";
				SWIFT_VERSION = 3.0;
			};
			name = Release;
		};
		4D24A0191E8CE30A00EC89B3 /* Debug */ = {
			isa = XCBuildConfiguration;
			buildSettings = {
				ALWAYS_EMBED_SWIFT_STANDARD_LIBRARIES = YES;
				INFOPLIST_FILE = 1stUITests/Info.plist;
				LD_RUNPATH_SEARCH_PATHS = "$(inherited) @executable_path/Frameworks @loader_path/Frameworks";
				PRODUCT_BUNDLE_IDENTIFIER = "com.max1ao.11111.-stUITests";
				PRODUCT_NAME = "$(TARGET_NAME)";
				SWIFT_VERSION = 3.0;
				TEST_TARGET_NAME = 1st;
			};
			name = Debug;
		};
		4D24A01A1E8CE30A00EC89B3 /* Release */ = {
			isa = XCBuildConfiguration;
			buildSettings = {
				ALWAYS_EMBED_SWIFT_STANDARD_LIBRARIES = YES;
				INFOPLIST_FILE = 1stUITests/Info.plist;
				LD_RUNPATH_SEARCH_PATHS = "$(inherited) @executable_path/Frameworks @loader_path/Frameworks";
				PRODUCT_BUNDLE_IDENTIFIER = "com.max1ao.11111.-stUITests";
				PRODUCT_NAME = "$(TARGET_NAME)";
				SWIFT_VERSION = 3.0;
				TEST_TARGET_NAME = 1st;
			};
			name = Release;
		};
/* End XCBuildConfiguration section */

/* Begin XCConfigurationList section */
		4D249FF31E8CE30A00EC89B3 /* Build configuration list for PBXProject "1st" */ = {
			isa = XCConfigurationList;
			buildConfigurations = (
				4D24A0131E8CE30A00EC89B3 /* Debug */,
				4D24A0141E8CE30A00EC89B3 /* Release */,
			);
			defaultConfigurationIsVisible = 0;
			defaultConfigurationName = Release;
		};
		4D24A0151E8CE30A00EC89B3 /* Build configuration list for PBXNativeTarget "1st" */ = {
			isa = XCConfigurationList;
			buildConfigurations = (
				4D24A0161E8CE30A00EC89B3 /* Debug */,
				4D24A0171E8CE30A00EC89B3 /* Release */,
			);
			defaultConfigurationIsVisible = 0;
		};
		4D24A0181E8CE30A00EC89B3 /* Build configuration list for PBXNativeTarget "1stUITests" */ = {
			isa = XCConfigurationList;
			buildConfigurations = (
				4D24A0191E8CE30A00EC89B3 /* Debug */,
				4D24A01A1E8CE30A00EC89B3 /* Release */,
			);
			defaultConfigurationIsVisible = 0;
		};
/* End XCConfigurationList section */
	};
	rootObject = 4D249FF01E8CE30A00EC89B3 /* Project object */;
}
